
Microsoft Visual Studio Solution File, Format Version 12.00
# Visual Studio Version 17
VisualStudioVersion = 17.11.35312.102
MinimumVisualStudioVersion = 10.0.40219.1
Project("{FAE04EC0-301F-11D3-BF4B-00C04F79EFBC}") = "01_MainSubjects", "01_MainSubjects\01_MainSubjects.csproj", "{02A34675-BBC1-4CDC-8B08-8AA81E30C158}"
EndProject
Project("{FAE04EC0-301F-11D3-BF4B-00C04F79EFBC}") = "02_Variables", "02_Variables\02_Variables.csproj", "{94D1E8BE-F62D-4F5E-BC5A-176F67A0AD62}"
EndProject
Project("{FAE04EC0-301F-11D3-BF4B-00C04F79EFBC}") = "03_MakingDecision", "03_MakingDecision\03_MakingDecision.csproj", "{803EA360-1A40-497B-8D57-A4C46D612A6B}"
EndProject
Project("{FAE04EC0-301F-11D3-BF4B-00C04F79EFBC}") = "04_Loops", "04_Loops\04_Loops.csproj", "{3A660AC1-3F0A-4CA0-A4CE-2F3A6CF13895}"
EndProject
Project("{FAE04EC0-301F-11D3-BF4B-00C04F79EFBC}") = "05_LoopsWithStars", "05_LoopsWithStars\05_LoopsWithStars.csproj", "{1376EC57-632D-4F66-9DF0-283B4F93B339}"
EndProject
Project("{FAE04EC0-301F-11D3-BF4B-00C04F79EFBC}") = "06_Arrays", "06_Arrays\06_Arrays.csproj", "{FB47E49A-DDDD-468F-B1C2-A99F04DCB971}"
EndProject
Project("{FAE04EC0-301F-11D3-BF4B-00C04F79EFBC}") = "07_ForeachLoop", "07_ForeachLoop\07_ForeachLoop.csproj", "{B3CD5761-9AD0-4490-9396-F60E86717666}"
EndProject
Project("{FAE04EC0-301F-11D3-BF4B-00C04F79EFBC}") = "09_DatabaseProject", "09_DatabaseProject\09_DatabaseProject.csproj", "{1F0B8F99-1306-4BB8-9D1C-46498571F0D9}"
EndProject
Global
	GlobalSection(SolutionConfigurationPlatforms) = preSolution
		Debug|Any CPU = Debug|Any CPU
		Release|Any CPU = Release|Any CPU
	EndGlobalSection
	GlobalSection(ProjectConfigurationPlatforms) = postSolution
		{02A34675-BBC1-4CDC-8B08-8AA81E30C158}.Debug|Any CPU.ActiveCfg = Debug|Any CPU
		{02A34675-BBC1-4CDC-8B08-8AA81E30C158}.Debug|Any CPU.Build.0 = Debug|Any CPU
		{02A34675-BBC1-4CDC-8B08-8AA81E30C158}.Release|Any CPU.ActiveCfg = Release|Any CPU
		{02A34675-BBC1-4CDC-8B08-8AA81E30C158}.Release|Any CPU.Build.0 = Release|Any CPU
		{94D1E8BE-F62D-4F5E-BC5A-176F67A0AD62}.Debug|Any CPU.ActiveCfg = Debug|Any CPU
		{94D1E8BE-F62D-4F5E-BC5A-176F67A0AD62}.Debug|Any CPU.Build.0 = Debug|Any CPU
		{94D1E8BE-F62D-4F5E-BC5A-176F67A0AD62}.Release|Any CPU.ActiveCfg = Release|Any CPU
		{94D1E8BE-F62D-4F5E-BC5A-176F67A0AD62}.Release|Any CPU.Build.0 = Release|Any CPU
		{803EA360-1A40-497B-8D57-A4C46D612A6B}.Debug|Any CPU.ActiveCfg = Debug|Any CPU
		{803EA360-1A40-497B-8D57-A4C46D612A6B}.Debug|Any CPU.Build.0 = Debug|Any CPU
		{803EA360-1A40-497B-8D57-A4C46D612A6B}.Release|Any CPU.ActiveCfg = Release|Any CPU
		{803EA360-1A40-497B-8D57-A4C46D612A6B}.Release|Any CPU.Build.0 = Release|Any CPU
		{3A660AC1-3F0A-4CA0-A4CE-2F3A6CF13895}.Debug|Any CPU.ActiveCfg = Debug|Any CPU
		{3A660AC1-3F0A-4CA0-A4CE-2F3A6CF13895}.Debug|Any CPU.Build.0 = Debug|Any CPU
		{3A660AC1-3F0A-4CA0-A4CE-2F3A6CF13895}.Release|Any CPU.ActiveCfg = Release|Any CPU
		{3A660AC1-3F0A-4CA0-A4CE-2F3A6CF13895}.Release|Any CPU.Build.0 = Release|Any CPU
		{1376EC57-632D-4F66-9DF0-283B4F93B339}.Debug|Any CPU.ActiveCfg = Debug|Any CPU
		{1376EC57-632D-4F66-9DF0-283B4F93B339}.Debug|Any CPU.Build.0 = Debug|Any CPU
		{1376EC57-632D-4F66-9DF0-283B4F93B339}.Release|Any CPU.ActiveCfg = Release|Any CPU
		{1376EC57-632D-4F66-9DF0-283B4F93B339}.Release|Any CPU.Build.0 = Release|Any CPU
		{FB47E49A-DDDD-468F-B1C2-A99F04DCB971}.Debug|Any CPU.ActiveCfg = Debug|Any CPU
		{FB47E49A-DDDD-468F-B1C2-A99F04DCB971}.Debug|Any CPU.Build.0 = Debug|Any CPU
		{FB47E49A-DDDD-468F-B1C2-A99F04DCB971}.Release|Any CPU.ActiveCfg = Release|Any CPU
		{FB47E49A-DDDD-468F-B1C2-A99F04DCB971}.Release|Any CPU.Build.0 = Release|Any CPU
		{B3CD5761-9AD0-4490-9396-F60E86717666}.Debug|Any CPU.ActiveCfg = Debug|Any CPU
		{B3CD5761-9AD0-4490-9396-F60E86717666}.Debug|Any CPU.Build.0 = Debug|Any CPU
		{B3CD5761-9AD0-4490-9396-F60E86717666}.Release|Any CPU.ActiveCfg = Release|Any CPU
		{B3CD5761-9AD0-4490-9396-F60E86717666}.Release|Any CPU.Build.0 = Release|Any CPU
		{1F0B8F99-1306-4BB8-9D1C-46498571F0D9}.Debug|Any CPU.ActiveCfg = Debug|Any CPU
		{1F0B8F99-1306-4BB8-9D1C-46498571F0D9}.Debug|Any CPU.Build.0 = Debug|Any CPU
		{1F0B8F99-1306-4BB8-9D1C-46498571F0D9}.Release|Any CPU.ActiveCfg = Release|Any CPU
		{1F0B8F99-1306-4BB8-9D1C-46498571F0D9}.Release|Any CPU.Build.0 = Release|Any CPU
	EndGlobalSection
	GlobalSection(SolutionProperties) = preSolution
		HideSolutionNode = FALSE
	EndGlobalSection
	GlobalSection(ExtensibilityGlobals) = postSolution
		SolutionGuid = {20B747D0-06B3-4669-95A4-C7E5AF32F602}
	EndGlobalSection
EndGlobal
